<?xml version="1.0" encoding="utf-8"?>
<Project ToolsVersion="4.0" xmlns="http://schemas.microsoft.com/developer/msbuild/2003">
  <ItemGroup>
    <Filter Include="Source Files">
      <UniqueIdentifier>{4FC737F1-C7A5-4376-A066-2A32D752A2FF}</UniqueIdentifier>
      <Extensions>cpp;c;cc;cxx;def;odl;idl;hpj;bat;asm;asmx</Extensions>
    </Filter>
    <Filter Include="Header Files">
      <UniqueIdentifier>{93995380-89BD-4b04-88EB-625FBE52EBFB}</UniqueIdentifier>
      <Extensions>h;hpp;hxx;hm;inl;inc;xsd</Extensions>
    </Filter>
    <Filter Include="Resource Files">
      <UniqueIdentifier>{67DA6AB6-F800-4c08-8B7A-83BB121AAD01}</UniqueIdentifier>
      <Extensions>rc;ico;cur;bmp;dlg;rc2;rct;bin;rgs;gif;jpg;jpeg;jpe;resx;tiff;tif;png;wav</Extensions>
    </Filter>
  </ItemGroup>
  <ItemGroup>
    <ClCompile Include="CheckSpellingDlg.cpp">
      <Filter>Source Files</Filter>
    </ClCompile>
    <ClCompile Include="isoLang.cpp">
      <Filter>Source Files</Filter>
    </ClCompile>
    <ClCompile Include="LanguageDlg.cpp">
      <Filter>Source Files</Filter>
    </ClCompile>
    <ClCompile Include="RichEditSpellChecker.cpp">
      <Filter>Source Files</Filter>
    </ClCompile>
    <ClCompile Include="SpellingOptionsDlg.cpp">
      <Filter>Source Files</Filter>
    </ClCompile>
    <ClCompile Include="TolonSpellCheckInternals.cpp">
      <Filter>Source Files</Filter>
    </ClCompile>
    <ClCompile Include="tscDLL.cpp">
      <Filter>Source Files</Filter>
    </ClCompile>
    <ClCompile Include="tscModule.cpp">
      <Filter>Source Files</Filter>
    </ClCompile>
    <ClCompile Include="tscSession.cpp">
      <Filter>Source Files</Filter>
    </ClCompile>
    <ClCompile Include="utf8conv.cpp">
      <Filter>Source Files</Filter>
    </ClCompile>
  </ItemGroup>
  <ItemGroup>
    <None Include="libtolonspellcheck.def">
      <Filter>Source Files</Filter>
    </None>
  </ItemGroup>
  <ItemGroup>
    <ClInclude Include="CheckSpellingDlg.h">
      <Filter>Header Files</Filter>
    </ClInclude>
    <ClInclude Include="isoLang.h">
      <Filter>Header Files</Filter>
    </ClInclude>
    <ClInclude Include="LanguageDlg.h">
      <Filter>Header Files</Filter>
    </ClInclude>
    <ClInclude Include="resource.h">
      <Filter>Header Files</Filter>
    </ClInclude>
    <ClInclude Include="RichEditSpellChecker.h">
      <Filter>Header Files</Filter>
    </ClInclude>
    <ClInclude Include="SpellingOptionsDlg.h">
      <Filter>Header Files</Filter>
    </ClInclude>
    <ClInclude Include="targetver.h">
      <Filter>Header Files</Filter>
    </ClInclude>
    <ClInclude Include="..\include\TolonSpellCheck.h">
      <Filter>Header Files</Filter>
    </ClInclude>
    <ClInclude Include="TolonSpellCheckInternals.h">
      <Filter>Header Files</Filter>
    </ClInclude>
    <ClInclude Include="tscModule.h">
      <Filter>Header Files</Filter>
    </ClInclude>
    <ClInclude Include="tscSession.h">
      <Filter>Header Files</Filter>
    </ClInclude>
    <ClInclude Include="utf8conv.h">
      <Filter>Header Files</Filter>
    </ClInclude>
    <ClInclude Include="Win32Includes.h">
      <Filter>Header Files</Filter>
    </ClInclude>
    <ClInclude Include="WndUtils.h">
      <Filter>Header Files</Filter>
    </ClInclude>
  </ItemGroup>
  <ItemGroup>
    <ResourceCompile Include="libtolonspellcheck.rc">
      <Filter>Resource Files</Filter>
    </ResourceCompile>
  </ItemGroup>
</Project>