
Microsoft Visual Studio Solution File, Format Version 10.00
# Visual Studio 2008
Project("{8BC9CEB8-8B4A-11D0-8D11-00A0C91BC942}") = "TolonSpellCheckLib", "TolonSpellCheckLib.vcproj", "{5199D5CF-DBC3-48EF-BE9D-377E2B143C89}"
EndProject
Project("{8BC9CEB8-8B4A-11D0-8D11-00A0C91BC942}") = "TSC_Test", "..\TSC_Test\TSC_Test.vcproj", "{E46E039F-8B93-4941-B7CA-98DD7D4926CE}"
	ProjectSection(ProjectDependencies) = postProject
		{5199D5CF-DBC3-48EF-BE9D-377E2B143C89} = {5199D5CF-DBC3-48EF-BE9D-377E2B143C89}
	EndProjectSection
EndProject
Global
	GlobalSection(SolutionConfigurationPlatforms) = preSolution
		Debug|Win32 = Debug|Win32
		Release|Win32 = Release|Win32
	EndGlobalSection
	GlobalSection(ProjectConfigurationPlatforms) = postSolution
		{5199D5CF-DBC3-48EF-BE9D-377E2B143C89}.Debug|Win32.ActiveCfg = Debug|Win32
		{5199D5CF-DBC3-48EF-BE9D-377E2B143C89}.Debug|Win32.Build.0 = Debug|Win32
		{5199D5CF-DBC3-48EF-BE9D-377E2B143C89}.Release|Win32.ActiveCfg = Release|Win32
		{5199D5CF-DBC3-48EF-BE9D-377E2B143C89}.Release|Win32.Build.0 = Release|Win32
		{E46E039F-8B93-4941-B7CA-98DD7D4926CE}.Debug|Win32.ActiveCfg = Debug|Win32
		{E46E039F-8B93-4941-B7CA-98DD7D4926CE}.Debug|Win32.Build.0 = Debug|Win32
		{E46E039F-8B93-4941-B7CA-98DD7D4926CE}.Release|Win32.ActiveCfg = Release|Win32
		{E46E039F-8B93-4941-B7CA-98DD7D4926CE}.Release|Win32.Build.0 = Release|Win32
	EndGlobalSection
	GlobalSection(SolutionProperties) = preSolution
		HideSolutionNode = FALSE
	EndGlobalSection
EndGlobal
